
Microsoft Visual Studio Solution File, Format Version 12.00
# Visual Studio Version 16
VisualStudioVersion = 16.0.30225.117
MinimumVisualStudioVersion = 10.0.40219.1
Project("{FAE04EC0-301F-11D3-BF4B-00C04F79EFBC}") = "Продвинутый Калькулятор", "Продвинутый Калькулятор\Продвинутый Калькулятор.csproj", "{EB2392F3-CB0E-4DE5-BEF5-F97829B2EA45}"
EndProject
Global
	GlobalSection(SolutionConfigurationPlatforms) = preSolution
		Debug|Any CPU = Debug|Any CPU
		Release|Any CPU = Release|Any CPU
	EndGlobalSection
	GlobalSection(ProjectConfigurationPlatforms) = postSolution
		{EB2392F3-CB0E-4DE5-BEF5-F97829B2EA45}.Debug|Any CPU.ActiveCfg = Debug|Any CPU
		{EB2392F3-CB0E-4DE5-BEF5-F97829B2EA45}.Debug|Any CPU.Build.0 = Debug|Any CPU
		{EB2392F3-CB0E-4DE5-BEF5-F97829B2EA45}.Release|Any CPU.ActiveCfg = Release|Any CPU
		{EB2392F3-CB0E-4DE5-BEF5-F97829B2EA45}.Release|Any CPU.Build.0 = Release|Any CPU
	EndGlobalSection
	GlobalSection(SolutionProperties) = preSolution
		HideSolutionNode = FALSE
	EndGlobalSection
	GlobalSection(ExtensibilityGlobals) = postSolution
		SolutionGuid = {4DBB9A4D-3010-444C-8AF7-6C4D63BCDC54}
	EndGlobalSection
EndGlobal
